
Microsoft Visual Studio Solution File, Format Version 12.00
# Visual Studio 15
VisualStudioVersion = 15.0.28307.271
MinimumVisualStudioVersion = 10.0.40219.1
Project("{FAE04EC0-301F-11D3-BF4B-00C04F79EFBC}") = "64.23", "64.23\64.23.csproj", "{8EE1729B-0640-40E3-94B2-7B4CF5C4F8E7}"
EndProject
Global
	GlobalSection(SolutionConfigurationPlatforms) = preSolution
		Debug|Any CPU = Debug|Any CPU
		Release|Any CPU = Release|Any CPU
	EndGlobalSection
	GlobalSection(ProjectConfigurationPlatforms) = postSolution
		{8EE1729B-0640-40E3-94B2-7B4CF5C4F8E7}.Debug|Any CPU.ActiveCfg = Debug|Any CPU
		{8EE1729B-0640-40E3-94B2-7B4CF5C4F8E7}.Debug|Any CPU.Build.0 = Debug|Any CPU
		{8EE1729B-0640-40E3-94B2-7B4CF5C4F8E7}.Release|Any CPU.ActiveCfg = Release|Any CPU
		{8EE1729B-0640-40E3-94B2-7B4CF5C4F8E7}.Release|Any CPU.Build.0 = Release|Any CPU
	EndGlobalSection
	GlobalSection(SolutionProperties) = preSolution
		HideSolutionNode = FALSE
	EndGlobalSection
	GlobalSection(ExtensibilityGlobals) = postSolution
		SolutionGuid = {76E127D9-B07B-40BC-9739-30AA1D1317D8}
	EndGlobalSection
EndGlobal
