
Microsoft Visual Studio Solution File, Format Version 12.00
# Visual Studio 15
VisualStudioVersion = 15.0.28307.271
MinimumVisualStudioVersion = 10.0.40219.1
Project("{FAE04EC0-301F-11D3-BF4B-00C04F79EFBC}") = "64.14", "64.14\64.14.csproj", "{1245E607-1BA0-4F37-93A6-629D462AA06B}"
EndProject
Global
	GlobalSection(SolutionConfigurationPlatforms) = preSolution
		Debug|Any CPU = Debug|Any CPU
		Release|Any CPU = Release|Any CPU
	EndGlobalSection
	GlobalSection(ProjectConfigurationPlatforms) = postSolution
		{1245E607-1BA0-4F37-93A6-629D462AA06B}.Debug|Any CPU.ActiveCfg = Debug|Any CPU
		{1245E607-1BA0-4F37-93A6-629D462AA06B}.Debug|Any CPU.Build.0 = Debug|Any CPU
		{1245E607-1BA0-4F37-93A6-629D462AA06B}.Release|Any CPU.ActiveCfg = Release|Any CPU
		{1245E607-1BA0-4F37-93A6-629D462AA06B}.Release|Any CPU.Build.0 = Release|Any CPU
	EndGlobalSection
	GlobalSection(SolutionProperties) = preSolution
		HideSolutionNode = FALSE
	EndGlobalSection
	GlobalSection(ExtensibilityGlobals) = postSolution
		SolutionGuid = {84867A8E-F016-480C-93CE-B22FB68AF560}
	EndGlobalSection
EndGlobal
